
Microsoft Visual Studio Solution File, Format Version 12.00
# Visual Studio Version 17
VisualStudioVersion = 17.11.35312.102
MinimumVisualStudioVersion = 10.0.40219.1
Project("{2150E333-8FDC-42A3-9474-1A3956D46DE8}") = "_SolutionItems", "_SolutionItems", "{4A3F4E47-D2ED-4D05-A22A-50E86ADE2490}"
	ProjectSection(SolutionItems) = preProject
		Directory.Build.props = Directory.Build.props
		LICENSE = LICENSE
		README.md = README.md
	EndProjectSection
EndProject
Project("{FAE04EC0-301F-11D3-BF4B-00C04F79EFBC}") = "MyTrade.SharedKernel", "MyTrade.SharedKernel\MyTrade.SharedKernel.csproj", "{CCA9D022-489F-4D0A-80BE-B9825892A53C}"
EndProject
Project("{FAE04EC0-301F-11D3-BF4B-00C04F79EFBC}") = "MyTrade.API", "MyTrade.API\MyTrade.API.csproj", "{C37B86A5-8F09-4109-8925-7D11271DC02B}"
EndProject
Project("{2150E333-8FDC-42A3-9474-1A3956D46DE8}") = "API", "API", "{C53D39C4-BFF8-4AFA-9155-508F0FFF7C1C}"
EndProject
Project("{2150E333-8FDC-42A3-9474-1A3956D46DE8}") = "Client", "Client", "{C3866EED-B3E9-4F8A-88EB-3032F11E5EEA}"
EndProject
Project("{2150E333-8FDC-42A3-9474-1A3956D46DE8}") = "CompanyModule", "CompanyModule", "{08DDAA30-5801-4455-8850-6C229FCF8317}"
EndProject
Project("{FAE04EC0-301F-11D3-BF4B-00C04F79EFBC}") = "MyTrade.Companies", "MyTrade.Companies\MyTrade.Companies.csproj", "{CD30BF64-BFC0-4D69-B7FF-D9E92617BD1C}"
EndProject
Project("{2150E333-8FDC-42A3-9474-1A3956D46DE8}") = "UserModule", "UserModule", "{9243FDE8-ADA5-46F9-84F1-A20A0F540572}"
EndProject
Project("{FAE04EC0-301F-11D3-BF4B-00C04F79EFBC}") = "MyTrade.Users", "MyTrade.Users\MyTrade.Users.csproj", "{B42F96A9-5103-41EB-BF91-BDAA7FE5AF54}"
EndProject
Project("{2150E333-8FDC-42A3-9474-1A3956D46DE8}") = "Solution Items", "Solution Items", "{A4C8BDE5-CCD8-49C8-A33E-27B681FA223B}"
	ProjectSection(SolutionItems) = preProject
		.gitignore = .gitignore
	EndProjectSection
EndProject
Global
	GlobalSection(SolutionConfigurationPlatforms) = preSolution
		Debug|Any CPU = Debug|Any CPU
		Release|Any CPU = Release|Any CPU
	EndGlobalSection
	GlobalSection(ProjectConfigurationPlatforms) = postSolution
		{CCA9D022-489F-4D0A-80BE-B9825892A53C}.Debug|Any CPU.ActiveCfg = Debug|Any CPU
		{CCA9D022-489F-4D0A-80BE-B9825892A53C}.Debug|Any CPU.Build.0 = Debug|Any CPU
		{CCA9D022-489F-4D0A-80BE-B9825892A53C}.Release|Any CPU.ActiveCfg = Release|Any CPU
		{CCA9D022-489F-4D0A-80BE-B9825892A53C}.Release|Any CPU.Build.0 = Release|Any CPU
		{C37B86A5-8F09-4109-8925-7D11271DC02B}.Debug|Any CPU.ActiveCfg = Debug|Any CPU
		{C37B86A5-8F09-4109-8925-7D11271DC02B}.Debug|Any CPU.Build.0 = Debug|Any CPU
		{C37B86A5-8F09-4109-8925-7D11271DC02B}.Release|Any CPU.ActiveCfg = Release|Any CPU
		{C37B86A5-8F09-4109-8925-7D11271DC02B}.Release|Any CPU.Build.0 = Release|Any CPU
		{CD30BF64-BFC0-4D69-B7FF-D9E92617BD1C}.Debug|Any CPU.ActiveCfg = Debug|Any CPU
		{CD30BF64-BFC0-4D69-B7FF-D9E92617BD1C}.Debug|Any CPU.Build.0 = Debug|Any CPU
		{CD30BF64-BFC0-4D69-B7FF-D9E92617BD1C}.Release|Any CPU.ActiveCfg = Release|Any CPU
		{CD30BF64-BFC0-4D69-B7FF-D9E92617BD1C}.Release|Any CPU.Build.0 = Release|Any CPU
		{B42F96A9-5103-41EB-BF91-BDAA7FE5AF54}.Debug|Any CPU.ActiveCfg = Debug|Any CPU
		{B42F96A9-5103-41EB-BF91-BDAA7FE5AF54}.Debug|Any CPU.Build.0 = Debug|Any CPU
		{B42F96A9-5103-41EB-BF91-BDAA7FE5AF54}.Release|Any CPU.ActiveCfg = Release|Any CPU
		{B42F96A9-5103-41EB-BF91-BDAA7FE5AF54}.Release|Any CPU.Build.0 = Release|Any CPU
	EndGlobalSection
	GlobalSection(SolutionProperties) = preSolution
		HideSolutionNode = FALSE
	EndGlobalSection
	GlobalSection(NestedProjects) = preSolution
		{C37B86A5-8F09-4109-8925-7D11271DC02B} = {C53D39C4-BFF8-4AFA-9155-508F0FFF7C1C}
		{08DDAA30-5801-4455-8850-6C229FCF8317} = {C53D39C4-BFF8-4AFA-9155-508F0FFF7C1C}
		{CD30BF64-BFC0-4D69-B7FF-D9E92617BD1C} = {08DDAA30-5801-4455-8850-6C229FCF8317}
		{9243FDE8-ADA5-46F9-84F1-A20A0F540572} = {C53D39C4-BFF8-4AFA-9155-508F0FFF7C1C}
		{B42F96A9-5103-41EB-BF91-BDAA7FE5AF54} = {9243FDE8-ADA5-46F9-84F1-A20A0F540572}
	EndGlobalSection
	GlobalSection(ExtensibilityGlobals) = postSolution
		SolutionGuid = {4EFCCA42-14B4-496F-A716-8AF24E7A00B7}
	EndGlobalSection
EndGlobal
